
Microsoft Visual Studio Solution File, Format Version 12.00
# Visual Studio Version 17
VisualStudioVersion = 17.12.35707.178 d17.12
MinimumVisualStudioVersion = 10.0.40219.1
Project("{FAE04EC0-301F-11D3-BF4B-00C04F79EFBC}") = "fs-a-2025-blazor-0918-73599", "fs-a-2025-blazor-0918-73599\fs-a-2025-blazor-0918-73599.csproj", "{057B39E9-9A1C-471C-854D-6E37685734DF}"
EndProject
Global
	GlobalSection(SolutionConfigurationPlatforms) = preSolution
		Debug|Any CPU = Debug|Any CPU
		Release|Any CPU = Release|Any CPU
	EndGlobalSection
	GlobalSection(ProjectConfigurationPlatforms) = postSolution
		{057B39E9-9A1C-471C-854D-6E37685734DF}.Debug|Any CPU.ActiveCfg = Debug|Any CPU
		{057B39E9-9A1C-471C-854D-6E37685734DF}.Debug|Any CPU.Build.0 = Debug|Any CPU
		{057B39E9-9A1C-471C-854D-6E37685734DF}.Release|Any CPU.ActiveCfg = Release|Any CPU
		{057B39E9-9A1C-471C-854D-6E37685734DF}.Release|Any CPU.Build.0 = Release|Any CPU
	EndGlobalSection
	GlobalSection(SolutionProperties) = preSolution
		HideSolutionNode = FALSE
	EndGlobalSection
EndGlobal
